
Microsoft Visual Studio Solution File, Format Version 12.00
# Visual Studio 15
VisualStudioVersion = 15.0.27130.2026
MinimumVisualStudioVersion = 10.0.40219.1
Project("{FAE04EC0-301F-11D3-BF4B-00C04F79EFBC}") = "Muzendis", "Muzendis\Muzendis.csproj", "{A476A96A-3E35-4319-9EB8-130B231EE1BE}"
EndProject
Global
	GlobalSection(SolutionConfigurationPlatforms) = preSolution
		Debug|Any CPU = Debug|Any CPU
		Release|Any CPU = Release|Any CPU
	EndGlobalSection
	GlobalSection(ProjectConfigurationPlatforms) = postSolution
		{A476A96A-3E35-4319-9EB8-130B231EE1BE}.Debug|Any CPU.ActiveCfg = Debug|Any CPU
		{A476A96A-3E35-4319-9EB8-130B231EE1BE}.Debug|Any CPU.Build.0 = Debug|Any CPU
		{A476A96A-3E35-4319-9EB8-130B231EE1BE}.Release|Any CPU.ActiveCfg = Release|Any CPU
		{A476A96A-3E35-4319-9EB8-130B231EE1BE}.Release|Any CPU.Build.0 = Release|Any CPU
	EndGlobalSection
	GlobalSection(SolutionProperties) = preSolution
		HideSolutionNode = FALSE
	EndGlobalSection
	GlobalSection(ExtensibilityGlobals) = postSolution
		SolutionGuid = {8D7E12F4-2F0F-4AD9-8AD3-CDC269282C02}
	EndGlobalSection
EndGlobal
